
Microsoft Visual Studio Solution File, Format Version 12.00
# Visual Studio Version 17
VisualStudioVersion = 17.1.32210.238
MinimumVisualStudioVersion = 10.0.40219.1
Project("{FAE04EC0-301F-11D3-BF4B-00C04F79EFBC}") = "WPF-Agenda", "WPF-Agenda\WPF-Agenda.csproj", "{1F00A2F6-A842-467C-A4D4-EAC56DB5443C}"
EndProject
Global
	GlobalSection(SolutionConfigurationPlatforms) = preSolution
		Debug|Any CPU = Debug|Any CPU
		Release|Any CPU = Release|Any CPU
	EndGlobalSection
	GlobalSection(ProjectConfigurationPlatforms) = postSolution
		{1F00A2F6-A842-467C-A4D4-EAC56DB5443C}.Debug|Any CPU.ActiveCfg = Debug|Any CPU
		{1F00A2F6-A842-467C-A4D4-EAC56DB5443C}.Debug|Any CPU.Build.0 = Debug|Any CPU
		{1F00A2F6-A842-467C-A4D4-EAC56DB5443C}.Release|Any CPU.ActiveCfg = Release|Any CPU
		{1F00A2F6-A842-467C-A4D4-EAC56DB5443C}.Release|Any CPU.Build.0 = Release|Any CPU
	EndGlobalSection
	GlobalSection(SolutionProperties) = preSolution
		HideSolutionNode = FALSE
	EndGlobalSection
	GlobalSection(ExtensibilityGlobals) = postSolution
		SolutionGuid = {A9C1321A-CAAC-4194-A016-97BF4C05D706}
	EndGlobalSection
EndGlobal
